
Microsoft Visual Studio Solution File, Format Version 12.00
Project("{FAE04EC0-301F-11D3-BF4B-00C04F79EFBC}") = "BoxFactoryAPI", "BoxFactoryAPI\BoxFactoryAPI.csproj", "{D5F0A383-ED88-498B-A609-A101A6F77337}"
EndProject
Project("{FAE04EC0-301F-11D3-BF4B-00C04F79EFBC}") = "Infrastructure", "Infrastructure\Infrastructure.csproj", "{AA68FFCF-6F55-4CE9-9752-7E730A7BAF0A}"
EndProject
Project("{FAE04EC0-301F-11D3-BF4B-00C04F79EFBC}") = "Core", "Core\Core.csproj", "{FFD815B6-795E-4336-8699-759E0A2612F1}"
EndProject
Project("{FAE04EC0-301F-11D3-BF4B-00C04F79EFBC}") = "Models", "Models\Models.csproj", "{900D2DE4-BE34-4E8D-9156-F27AF777889F}"
EndProject
Project("{FAE04EC0-301F-11D3-BF4B-00C04F79EFBC}") = "Tests", "Tests\Tests.csproj", "{7F46D852-6A87-4658-927B-CDF57C527178}"
EndProject
Global
	GlobalSection(SolutionConfigurationPlatforms) = preSolution
		Debug|Any CPU = Debug|Any CPU
		Release|Any CPU = Release|Any CPU
	EndGlobalSection
	GlobalSection(ProjectConfigurationPlatforms) = postSolution
		{D5F0A383-ED88-498B-A609-A101A6F77337}.Debug|Any CPU.ActiveCfg = Debug|Any CPU
		{D5F0A383-ED88-498B-A609-A101A6F77337}.Debug|Any CPU.Build.0 = Debug|Any CPU
		{D5F0A383-ED88-498B-A609-A101A6F77337}.Release|Any CPU.ActiveCfg = Release|Any CPU
		{D5F0A383-ED88-498B-A609-A101A6F77337}.Release|Any CPU.Build.0 = Release|Any CPU
		{AA68FFCF-6F55-4CE9-9752-7E730A7BAF0A}.Debug|Any CPU.ActiveCfg = Debug|Any CPU
		{AA68FFCF-6F55-4CE9-9752-7E730A7BAF0A}.Debug|Any CPU.Build.0 = Debug|Any CPU
		{AA68FFCF-6F55-4CE9-9752-7E730A7BAF0A}.Release|Any CPU.ActiveCfg = Release|Any CPU
		{AA68FFCF-6F55-4CE9-9752-7E730A7BAF0A}.Release|Any CPU.Build.0 = Release|Any CPU
		{FFD815B6-795E-4336-8699-759E0A2612F1}.Debug|Any CPU.ActiveCfg = Debug|Any CPU
		{FFD815B6-795E-4336-8699-759E0A2612F1}.Debug|Any CPU.Build.0 = Debug|Any CPU
		{FFD815B6-795E-4336-8699-759E0A2612F1}.Release|Any CPU.ActiveCfg = Release|Any CPU
		{FFD815B6-795E-4336-8699-759E0A2612F1}.Release|Any CPU.Build.0 = Release|Any CPU
		{900D2DE4-BE34-4E8D-9156-F27AF777889F}.Debug|Any CPU.ActiveCfg = Debug|Any CPU
		{900D2DE4-BE34-4E8D-9156-F27AF777889F}.Debug|Any CPU.Build.0 = Debug|Any CPU
		{900D2DE4-BE34-4E8D-9156-F27AF777889F}.Release|Any CPU.ActiveCfg = Release|Any CPU
		{900D2DE4-BE34-4E8D-9156-F27AF777889F}.Release|Any CPU.Build.0 = Release|Any CPU
		{7F46D852-6A87-4658-927B-CDF57C527178}.Debug|Any CPU.ActiveCfg = Debug|Any CPU
		{7F46D852-6A87-4658-927B-CDF57C527178}.Debug|Any CPU.Build.0 = Debug|Any CPU
		{7F46D852-6A87-4658-927B-CDF57C527178}.Release|Any CPU.ActiveCfg = Release|Any CPU
		{7F46D852-6A87-4658-927B-CDF57C527178}.Release|Any CPU.Build.0 = Release|Any CPU
	EndGlobalSection
EndGlobal
